
Microsoft Visual Studio Solution File, Format Version 12.00
# Visual Studio Version 17
VisualStudioVersion = 17.0.31612.314
MinimumVisualStudioVersion = 10.0.40219.1
Project("{FAE04EC0-301F-11D3-BF4B-00C04F79EFBC}") = "ScreenSaver", "ScreenSaver\ScreenSaver.csproj", "{21315F33-359D-4282-A558-99FE51F83B6A}"
EndProject
Global
	GlobalSection(SolutionConfigurationPlatforms) = preSolution
		Debug|Any CPU = Debug|Any CPU
		Release|Any CPU = Release|Any CPU
	EndGlobalSection
	GlobalSection(ProjectConfigurationPlatforms) = postSolution
		{21315F33-359D-4282-A558-99FE51F83B6A}.Debug|Any CPU.ActiveCfg = Debug|Any CPU
		{21315F33-359D-4282-A558-99FE51F83B6A}.Debug|Any CPU.Build.0 = Debug|Any CPU
		{21315F33-359D-4282-A558-99FE51F83B6A}.Release|Any CPU.ActiveCfg = Release|Any CPU
		{21315F33-359D-4282-A558-99FE51F83B6A}.Release|Any CPU.Build.0 = Release|Any CPU
	EndGlobalSection
	GlobalSection(SolutionProperties) = preSolution
		HideSolutionNode = FALSE
	EndGlobalSection
	GlobalSection(ExtensibilityGlobals) = postSolution
		SolutionGuid = {3DC696B7-9E02-4E0F-95EF-63F88DFB7F01}
	EndGlobalSection
EndGlobal
